
Microsoft Visual Studio Solution File, Format Version 12.00
# Visual Studio Version 17
VisualStudioVersion = 17.11.35431.28
MinimumVisualStudioVersion = 10.0.40219.1
Project("{9A19103F-16F7-4668-BE54-9A1E7A4F7556}") = "Business", "Business\Business.csproj", "{720EB393-2B86-40B7-B6C5-464A9C6FB822}"
EndProject
Project("{9A19103F-16F7-4668-BE54-9A1E7A4F7556}") = "Data", "Data\Data.csproj", "{D6866BB3-27FB-4342-A75F-7A28D4F96698}"
EndProject
Project("{9A19103F-16F7-4668-BE54-9A1E7A4F7556}") = "Infrastructure", "Infrastructure\Infrastructure.csproj", "{202A26C6-7493-40B0-B0AC-188BA4C5AFAA}"
EndProject
Project("{9A19103F-16F7-4668-BE54-9A1E7A4F7556}") = "Model", "Model\Model.csproj", "{BAD3FF51-3BD2-401A-BF52-8E92C73ECC02}"
EndProject
Project("{FAE04EC0-301F-11D3-BF4B-00C04F79EFBC}") = "iyilikCatisi", "iyilikCatisi\iyilikCatisi.csproj", "{1B2DAF56-D8FF-411B-9D20-3001044FC433}"
EndProject
Global
	GlobalSection(SolutionConfigurationPlatforms) = preSolution
		Debug|Any CPU = Debug|Any CPU
		Release|Any CPU = Release|Any CPU
	EndGlobalSection
	GlobalSection(ProjectConfigurationPlatforms) = postSolution
		{720EB393-2B86-40B7-B6C5-464A9C6FB822}.Debug|Any CPU.ActiveCfg = Debug|Any CPU
		{720EB393-2B86-40B7-B6C5-464A9C6FB822}.Debug|Any CPU.Build.0 = Debug|Any CPU
		{720EB393-2B86-40B7-B6C5-464A9C6FB822}.Release|Any CPU.ActiveCfg = Release|Any CPU
		{720EB393-2B86-40B7-B6C5-464A9C6FB822}.Release|Any CPU.Build.0 = Release|Any CPU
		{D6866BB3-27FB-4342-A75F-7A28D4F96698}.Debug|Any CPU.ActiveCfg = Debug|Any CPU
		{D6866BB3-27FB-4342-A75F-7A28D4F96698}.Debug|Any CPU.Build.0 = Debug|Any CPU
		{D6866BB3-27FB-4342-A75F-7A28D4F96698}.Release|Any CPU.ActiveCfg = Release|Any CPU
		{D6866BB3-27FB-4342-A75F-7A28D4F96698}.Release|Any CPU.Build.0 = Release|Any CPU
		{202A26C6-7493-40B0-B0AC-188BA4C5AFAA}.Debug|Any CPU.ActiveCfg = Debug|Any CPU
		{202A26C6-7493-40B0-B0AC-188BA4C5AFAA}.Debug|Any CPU.Build.0 = Debug|Any CPU
		{202A26C6-7493-40B0-B0AC-188BA4C5AFAA}.Release|Any CPU.ActiveCfg = Release|Any CPU
		{202A26C6-7493-40B0-B0AC-188BA4C5AFAA}.Release|Any CPU.Build.0 = Release|Any CPU
		{BAD3FF51-3BD2-401A-BF52-8E92C73ECC02}.Debug|Any CPU.ActiveCfg = Debug|Any CPU
		{BAD3FF51-3BD2-401A-BF52-8E92C73ECC02}.Debug|Any CPU.Build.0 = Debug|Any CPU
		{BAD3FF51-3BD2-401A-BF52-8E92C73ECC02}.Release|Any CPU.ActiveCfg = Release|Any CPU
		{BAD3FF51-3BD2-401A-BF52-8E92C73ECC02}.Release|Any CPU.Build.0 = Release|Any CPU
		{1B2DAF56-D8FF-411B-9D20-3001044FC433}.Debug|Any CPU.ActiveCfg = Debug|Any CPU
		{1B2DAF56-D8FF-411B-9D20-3001044FC433}.Debug|Any CPU.Build.0 = Debug|Any CPU
		{1B2DAF56-D8FF-411B-9D20-3001044FC433}.Release|Any CPU.ActiveCfg = Release|Any CPU
		{1B2DAF56-D8FF-411B-9D20-3001044FC433}.Release|Any CPU.Build.0 = Release|Any CPU
	EndGlobalSection
	GlobalSection(SolutionProperties) = preSolution
		HideSolutionNode = FALSE
	EndGlobalSection
	GlobalSection(ExtensibilityGlobals) = postSolution
		SolutionGuid = {27CEDE07-135C-494C-96D0-2AB7E2373FF0}
	EndGlobalSection
EndGlobal
